
Microsoft Visual Studio Solution File, Format Version 12.00
# Visual Studio Version 17
VisualStudioVersion = 17.0.32014.148
MinimumVisualStudioVersion = 10.0.40219.1
Project("{FAE04EC0-301F-11D3-BF4B-00C04F79EFBC}") = "TestProject1", "TestProject1\TestProject1.csproj", "{5213EB40-6908-46A9-8806-951CE2593EE6}"
EndProject
Global
	GlobalSection(SolutionConfigurationPlatforms) = preSolution
		Debug|Any CPU = Debug|Any CPU
		Release|Any CPU = Release|Any CPU
	EndGlobalSection
	GlobalSection(ProjectConfigurationPlatforms) = postSolution
		{5213EB40-6908-46A9-8806-951CE2593EE6}.Debug|Any CPU.ActiveCfg = Debug|Any CPU
		{5213EB40-6908-46A9-8806-951CE2593EE6}.Debug|Any CPU.Build.0 = Debug|Any CPU
		{5213EB40-6908-46A9-8806-951CE2593EE6}.Release|Any CPU.ActiveCfg = Release|Any CPU
		{5213EB40-6908-46A9-8806-951CE2593EE6}.Release|Any CPU.Build.0 = Release|Any CPU
	EndGlobalSection
	GlobalSection(SolutionProperties) = preSolution
		HideSolutionNode = FALSE
	EndGlobalSection
	GlobalSection(ExtensibilityGlobals) = postSolution
		SolutionGuid = {0911D73F-98D6-444F-A6CD-627CAA1A1219}
	EndGlobalSection
EndGlobal
